# This file is autogenerated, do not edit; changes may be undone by the next 'dep ensure'.


[[projects]]
  name = "cloud.google.com/go"
  packages = ["compute/metadata","datastore","internal","internal/atomiccache","internal/fields","internal/version"]
  revision = "2d3a6656c17a60b0815b7e06ab0be04eacb6e613"
  version = "v0.16.0"

[[projects]]
  name = "github.com/favclip/golidator"
  packages = ["."]
  revision = "f8a22a68c32005c88762ff41a4139950b49263a9"
  version = "v2.0.1"

[[projects]]
  name = "github.com/favclip/ucon"
  packages = ["."]
  revision = "b423b286da50624062596296322e78c743924b0e"
  version = "v1.0.0"

[[projects]]
  branch = "master"
  name = "github.com/golang/protobuf"
  packages = ["proto","protoc-gen-go/descriptor","ptypes","ptypes/any","ptypes/duration","ptypes/struct","ptypes/timestamp","ptypes/wrappers"]
  revision = "1e59b77b52bf8e4b449a57e6f79f21226d571845"

[[projects]]
  name = "github.com/google/uuid"
  packages = ["."]
  revision = "064e2069ce9c359c118179501254f67d7d37ba24"
  version = "0.2"

[[projects]]
  name = "github.com/googleapis/gax-go"
  packages = ["."]
  revision = "317e0006254c44a0ac427cc52a0e083ff0b9622f"
  version = "v2.0.0"

[[projects]]
  name = "github.com/pkg/errors"
  packages = ["."]
  revision = "645ef00459ed84a119197bfb8d8205042c6df63d"
  version = "v0.8.0"

[[projects]]
  branch = "master"
  name = "github.com/sinmetal/slog"
  packages = ["."]
  revision = "aeab4f7aac51d03283d936409e98334b31930858"

[[projects]]
  branch = "master"
  name = "github.com/sinmetal/vstore_tester_model"
  packages = ["."]
  revision = "fe424b5de68cdfd3fcff38388c934a628180b7e5"

[[projects]]
  branch = "master"
  name = "go.mercari.io/datastore"
  packages = [".","boom","clouddatastore","internal","internal/c/atomiccache","internal/c/fields","internal/shared"]
  revision = "2c3f8dafae023d3e3a1fad8f92d31870e86fc432"

[[projects]]
  branch = "master"
  name = "golang.org/x/net"
  packages = ["context","context/ctxhttp","http2","http2/hpack","idna","internal/timeseries","lex/httplex","trace"]
  revision = "a8b9294777976932365dabb6640cf1468d95c70f"

[[projects]]
  branch = "master"
  name = "golang.org/x/oauth2"
  packages = [".","google","internal","jws","jwt"]
  revision = "6a2004c8907a86949d71c664c81574897a4e55a6"

[[projects]]
  branch = "master"
  name = "golang.org/x/text"
  packages = ["collate","collate/build","internal/colltab","internal/gen","internal/tag","internal/triegen","internal/ucd","language","secure/bidirule","transform","unicode/bidi","unicode/cldr","unicode/norm","unicode/rangetable"]
  revision = "f9878be4819f7f135610e129dc370d21841b06e7"

[[projects]]
  branch = "master"
  name = "google.golang.org/api"
  packages = ["cloudkms/v1","gensupport","googleapi","googleapi/internal/uritemplates","internal","iterator","option","transport/grpc"]
  revision = "24ed4b228b8f31d2ce20b561c08acb5b37413695"

[[projects]]
  name = "google.golang.org/appengine"
  packages = [".","internal","internal/app_identity","internal/base","internal/datastore","internal/log","internal/modules","internal/remote_api","internal/socket","internal/urlfetch","socket","urlfetch"]
  revision = "150dc57a1b433e64154302bdc40b6bb8aefa313a"
  version = "v1.0.0"

[[projects]]
  branch = "master"
  name = "google.golang.org/genproto"
  packages = ["googleapis/api/annotations","googleapis/datastore/v1","googleapis/rpc/status","googleapis/type/latlng"]
  revision = "7f0da29060c682909f650ad8ed4e515bd74fa12a"

[[projects]]
  name = "google.golang.org/grpc"
  packages = [".","balancer","balancer/roundrobin","codes","connectivity","credentials","credentials/oauth","encoding","grpclb/grpc_lb_v1/messages","grpclog","internal","keepalive","metadata","naming","peer","resolver","resolver/dns","resolver/manual","resolver/passthrough","stats","status","tap","transport"]
  revision = "be077907e29fdb945d351e4284eb5361e7f8924e"
  version = "v1.8.1"

[solve-meta]
  analyzer-name = "dep"
  analyzer-version = 1
  inputs-digest = "f7237a5f955113ac2dbb7fb5282ec59bdb8ea23d6951502d804a80c292544377"
  solver-name = "gps-cdcl"
  solver-version = 1
